
Microsoft Visual Studio Solution File, Format Version 12.00
# Visual Studio Version 17
VisualStudioVersion = 17.0.31903.59
MinimumVisualStudioVersion = 10.0.40219.1
Project("{FAE04EC0-301F-11D3-BF4B-00C04F79EFBC}") = "PhoneBook.Web", "PhoneBook.Web\PhoneBook.Web.csproj", "{3CA48B81-F464-4B83-A8ED-1AFE92329536}"
EndProject
Project("{FAE04EC0-301F-11D3-BF4B-00C04F79EFBC}") = "PhoneBook.Infrastructure", "PhoneBook.Infrastructure\PhoneBook.Infrastructure.csproj", "{0D40EECF-0CBB-4DD4-B3BC-9EA8245AD9DD}"
EndProject
Project("{FAE04EC0-301F-11D3-BF4B-00C04F79EFBC}") = "PhoneBook.Core", "PhoneBook.Core\PhoneBook.Core.csproj", "{41F1A40E-5AD4-4898-B797-4AF28F8D77D9}"
EndProject
Global
	GlobalSection(SolutionConfigurationPlatforms) = preSolution
		Debug|Any CPU = Debug|Any CPU
		Release|Any CPU = Release|Any CPU
	EndGlobalSection
	GlobalSection(SolutionProperties) = preSolution
		HideSolutionNode = FALSE
	EndGlobalSection
	GlobalSection(ProjectConfigurationPlatforms) = postSolution
		{3CA48B81-F464-4B83-A8ED-1AFE92329536}.Debug|Any CPU.ActiveCfg = Debug|Any CPU
		{3CA48B81-F464-4B83-A8ED-1AFE92329536}.Debug|Any CPU.Build.0 = Debug|Any CPU
		{3CA48B81-F464-4B83-A8ED-1AFE92329536}.Release|Any CPU.ActiveCfg = Release|Any CPU
		{3CA48B81-F464-4B83-A8ED-1AFE92329536}.Release|Any CPU.Build.0 = Release|Any CPU
		{0D40EECF-0CBB-4DD4-B3BC-9EA8245AD9DD}.Debug|Any CPU.ActiveCfg = Debug|Any CPU
		{0D40EECF-0CBB-4DD4-B3BC-9EA8245AD9DD}.Debug|Any CPU.Build.0 = Debug|Any CPU
		{0D40EECF-0CBB-4DD4-B3BC-9EA8245AD9DD}.Release|Any CPU.ActiveCfg = Release|Any CPU
		{0D40EECF-0CBB-4DD4-B3BC-9EA8245AD9DD}.Release|Any CPU.Build.0 = Release|Any CPU
		{41F1A40E-5AD4-4898-B797-4AF28F8D77D9}.Debug|Any CPU.ActiveCfg = Debug|Any CPU
		{41F1A40E-5AD4-4898-B797-4AF28F8D77D9}.Debug|Any CPU.Build.0 = Debug|Any CPU
		{41F1A40E-5AD4-4898-B797-4AF28F8D77D9}.Release|Any CPU.ActiveCfg = Release|Any CPU
		{41F1A40E-5AD4-4898-B797-4AF28F8D77D9}.Release|Any CPU.Build.0 = Release|Any CPU
	EndGlobalSection
EndGlobal
