
Microsoft Visual Studio Solution File, Format Version 12.00
# Visual Studio Version 17
VisualStudioVersion = 17.0.31903.59
MinimumVisualStudioVersion = 10.0.40219.1
Project("{FAE04EC0-301F-11D3-BF4B-00C04F79EFBC}") = "onion.view", "onion.view\onion.view.csproj", "{1C34890C-9D40-4135-92AE-B450FA565892}"
EndProject
Project("{FAE04EC0-301F-11D3-BF4B-00C04F79EFBC}") = "onion.infrastructure", "onion.infrastructure\onion.infrastructure.csproj", "{A89D6B72-E560-4478-867C-9779AAE85869}"
EndProject
Project("{FAE04EC0-301F-11D3-BF4B-00C04F79EFBC}") = "onion.application", "onion.application\onion.application.csproj", "{DD360847-7431-4617-8F74-DB315B33F6D9}"
EndProject
Project("{FAE04EC0-301F-11D3-BF4B-00C04F79EFBC}") = "onion.core", "onion.core\onion.core.csproj", "{D6132EB7-0029-4C98-B4D4-61C6E5E00807}"
EndProject
Global
	GlobalSection(SolutionConfigurationPlatforms) = preSolution
		Debug|Any CPU = Debug|Any CPU
		Release|Any CPU = Release|Any CPU
	EndGlobalSection
	GlobalSection(SolutionProperties) = preSolution
		HideSolutionNode = FALSE
	EndGlobalSection
	GlobalSection(ProjectConfigurationPlatforms) = postSolution
		{1C34890C-9D40-4135-92AE-B450FA565892}.Debug|Any CPU.ActiveCfg = Debug|Any CPU
		{1C34890C-9D40-4135-92AE-B450FA565892}.Debug|Any CPU.Build.0 = Debug|Any CPU
		{1C34890C-9D40-4135-92AE-B450FA565892}.Release|Any CPU.ActiveCfg = Release|Any CPU
		{1C34890C-9D40-4135-92AE-B450FA565892}.Release|Any CPU.Build.0 = Release|Any CPU
		{A89D6B72-E560-4478-867C-9779AAE85869}.Debug|Any CPU.ActiveCfg = Debug|Any CPU
		{A89D6B72-E560-4478-867C-9779AAE85869}.Debug|Any CPU.Build.0 = Debug|Any CPU
		{A89D6B72-E560-4478-867C-9779AAE85869}.Release|Any CPU.ActiveCfg = Release|Any CPU
		{A89D6B72-E560-4478-867C-9779AAE85869}.Release|Any CPU.Build.0 = Release|Any CPU
		{DD360847-7431-4617-8F74-DB315B33F6D9}.Debug|Any CPU.ActiveCfg = Debug|Any CPU
		{DD360847-7431-4617-8F74-DB315B33F6D9}.Debug|Any CPU.Build.0 = Debug|Any CPU
		{DD360847-7431-4617-8F74-DB315B33F6D9}.Release|Any CPU.ActiveCfg = Release|Any CPU
		{DD360847-7431-4617-8F74-DB315B33F6D9}.Release|Any CPU.Build.0 = Release|Any CPU
		{D6132EB7-0029-4C98-B4D4-61C6E5E00807}.Debug|Any CPU.ActiveCfg = Debug|Any CPU
		{D6132EB7-0029-4C98-B4D4-61C6E5E00807}.Debug|Any CPU.Build.0 = Debug|Any CPU
		{D6132EB7-0029-4C98-B4D4-61C6E5E00807}.Release|Any CPU.ActiveCfg = Release|Any CPU
		{D6132EB7-0029-4C98-B4D4-61C6E5E00807}.Release|Any CPU.Build.0 = Release|Any CPU
	EndGlobalSection
EndGlobal
